
Microsoft Visual Studio Solution File, Format Version 12.00
# Visual Studio Version 16
VisualStudioVersion = 16.0.32413.511
MinimumVisualStudioVersion = 10.0.40219.1
Project("{FAE04EC0-301F-11D3-BF4B-00C04F79EFBC}") = "五子棋-註冊、登錄", "五子棋-註冊、登錄.csproj", "{F2B228DE-7A2E-4504-B7B0-CB0E35FA1EDB}"
EndProject
Global
	GlobalSection(SolutionConfigurationPlatforms) = preSolution
		Debug|Any CPU = Debug|Any CPU
		Release|Any CPU = Release|Any CPU
	EndGlobalSection
	GlobalSection(ProjectConfigurationPlatforms) = postSolution
		{F2B228DE-7A2E-4504-B7B0-CB0E35FA1EDB}.Debug|Any CPU.ActiveCfg = Debug|Any CPU
		{F2B228DE-7A2E-4504-B7B0-CB0E35FA1EDB}.Debug|Any CPU.Build.0 = Debug|Any CPU
		{F2B228DE-7A2E-4504-B7B0-CB0E35FA1EDB}.Release|Any CPU.ActiveCfg = Release|Any CPU
		{F2B228DE-7A2E-4504-B7B0-CB0E35FA1EDB}.Release|Any CPU.Build.0 = Release|Any CPU
	EndGlobalSection
	GlobalSection(SolutionProperties) = preSolution
		HideSolutionNode = FALSE
	EndGlobalSection
	GlobalSection(ExtensibilityGlobals) = postSolution
		SolutionGuid = {A4EA3666-AC6E-4A50-B931-024DB9B1B2C7}
	EndGlobalSection
EndGlobal
